
Microsoft Visual Studio Solution File, Format Version 12.00
# Visual Studio Version 16
VisualStudioVersion = 16.0.29503.13
MinimumVisualStudioVersion = 10.0.40219.1
Project("{9A19103F-16F7-4668-BE54-9A1E7A4F7556}") = "Reverse", "ConsoleApp2\Reverse.csproj", "{9069971E-626E-403E-ACBE-DEE47827FF3B}"
EndProject
Global
	GlobalSection(SolutionConfigurationPlatforms) = preSolution
		Debug|Any CPU = Debug|Any CPU
		Release|Any CPU = Release|Any CPU
	EndGlobalSection
	GlobalSection(ProjectConfigurationPlatforms) = postSolution
		{9069971E-626E-403E-ACBE-DEE47827FF3B}.Debug|Any CPU.ActiveCfg = Debug|Any CPU
		{9069971E-626E-403E-ACBE-DEE47827FF3B}.Debug|Any CPU.Build.0 = Debug|Any CPU
		{9069971E-626E-403E-ACBE-DEE47827FF3B}.Release|Any CPU.ActiveCfg = Release|Any CPU
		{9069971E-626E-403E-ACBE-DEE47827FF3B}.Release|Any CPU.Build.0 = Release|Any CPU
	EndGlobalSection
	GlobalSection(SolutionProperties) = preSolution
		HideSolutionNode = FALSE
	EndGlobalSection
	GlobalSection(ExtensibilityGlobals) = postSolution
		SolutionGuid = {0B57DB29-93D5-42C4-AB12-3045654EC86F}
	EndGlobalSection
EndGlobal
